
Microsoft Visual Studio Solution File, Format Version 12.00
# Visual Studio Version 16
VisualStudioVersion = 16.0.32228.343
MinimumVisualStudioVersion = 10.0.40219.1
Project("{FAE04EC0-301F-11D3-BF4B-00C04F79EFBC}") = "Pedapp.Android", "Pedapp\Pedapp.Android\Pedapp.Android.csproj", "{BA1BB0FD-DA65-4E70-9E43-30EF9E9000C2}"
EndProject
Project("{FAE04EC0-301F-11D3-BF4B-00C04F79EFBC}") = "Pedapp", "Pedapp\Pedapp\Pedapp.csproj", "{01079E96-33A1-46E4-9F3C-648FC12B6427}"
EndProject
Global
	GlobalSection(SolutionConfigurationPlatforms) = preSolution
		Debug|Any CPU = Debug|Any CPU
		Release|Any CPU = Release|Any CPU
	EndGlobalSection
	GlobalSection(ProjectConfigurationPlatforms) = postSolution
		{BA1BB0FD-DA65-4E70-9E43-30EF9E9000C2}.Debug|Any CPU.ActiveCfg = Debug|Any CPU
		{BA1BB0FD-DA65-4E70-9E43-30EF9E9000C2}.Debug|Any CPU.Build.0 = Debug|Any CPU
		{BA1BB0FD-DA65-4E70-9E43-30EF9E9000C2}.Debug|Any CPU.Deploy.0 = Debug|Any CPU
		{BA1BB0FD-DA65-4E70-9E43-30EF9E9000C2}.Release|Any CPU.ActiveCfg = Release|Any CPU
		{BA1BB0FD-DA65-4E70-9E43-30EF9E9000C2}.Release|Any CPU.Build.0 = Release|Any CPU
		{BA1BB0FD-DA65-4E70-9E43-30EF9E9000C2}.Release|Any CPU.Deploy.0 = Release|Any CPU
		{01079E96-33A1-46E4-9F3C-648FC12B6427}.Debug|Any CPU.ActiveCfg = Debug|Any CPU
		{01079E96-33A1-46E4-9F3C-648FC12B6427}.Debug|Any CPU.Build.0 = Debug|Any CPU
		{01079E96-33A1-46E4-9F3C-648FC12B6427}.Debug|Any CPU.Deploy.0 = Debug|Any CPU
		{01079E96-33A1-46E4-9F3C-648FC12B6427}.Release|Any CPU.ActiveCfg = Release|Any CPU
		{01079E96-33A1-46E4-9F3C-648FC12B6427}.Release|Any CPU.Build.0 = Release|Any CPU
		{01079E96-33A1-46E4-9F3C-648FC12B6427}.Release|Any CPU.Deploy.0 = Release|Any CPU
	EndGlobalSection
	GlobalSection(SolutionProperties) = preSolution
		HideSolutionNode = FALSE
	EndGlobalSection
	GlobalSection(ExtensibilityGlobals) = postSolution
		SolutionGuid = {B08FC832-9C75-4991-8702-D1FB5FB9B53D}
	EndGlobalSection
EndGlobal
